
Microsoft Visual Studio Solution File, Format Version 12.00
# Visual Studio Version 16
VisualStudioVersion = 16.0.29911.84
MinimumVisualStudioVersion = 10.0.40219.1
Project("{FAE04EC0-301F-11D3-BF4B-00C04F79EFBC}") = "l2in1", "l2in1.csproj", "{33BCB196-1EE6-4915-8B77-90B7FC4BAEDF}"
EndProject
Global
	GlobalSection(SolutionConfigurationPlatforms) = preSolution
		Debug|Any CPU = Debug|Any CPU
		Release|Any CPU = Release|Any CPU
	EndGlobalSection
	GlobalSection(ProjectConfigurationPlatforms) = postSolution
		{33BCB196-1EE6-4915-8B77-90B7FC4BAEDF}.Debug|Any CPU.ActiveCfg = Debug|Any CPU
		{33BCB196-1EE6-4915-8B77-90B7FC4BAEDF}.Debug|Any CPU.Build.0 = Debug|Any CPU
		{33BCB196-1EE6-4915-8B77-90B7FC4BAEDF}.Release|Any CPU.ActiveCfg = Release|Any CPU
		{33BCB196-1EE6-4915-8B77-90B7FC4BAEDF}.Release|Any CPU.Build.0 = Release|Any CPU
	EndGlobalSection
	GlobalSection(SolutionProperties) = preSolution
		HideSolutionNode = FALSE
	EndGlobalSection
	GlobalSection(ExtensibilityGlobals) = postSolution
		SolutionGuid = {CAD82FA6-0795-42A6-81EC-175A904D53D4}
	EndGlobalSection
EndGlobal
